{
  "name": "symbiot",
  "version": "1.0.0",
  "lockfileVersion": 1,
  "requires": true,
  "dependencies": {
    "@kostinvlad/ajs": {
      "version": "1.0.0",
      "resolved": "https://npm.pkg.github.com/download/@kostinvlad/ajs/1.0.0/a6a9c77fb4f9d59d114cef7b27d4d8e48856aaedc230470ca599022b6a698521",
      "integrity": "sha512-GvHduaSKYs4dCMy9XJdKclOkSt+ZrUeubT6xoRTBwFwd0fuAcusnnSZUOCBrzDDcEPnRb2TJ1MDWryJ94KbRCw=="
    }
  }
}
